dependencies:
  espp/adxl345:
    component_hash: 13790bcc66d48b0b784d7daf2aa8b3278cf234fa9d06bd2d542dc575c76c1020
    dependencies:
    - name: espp/base_peripheral
      registry_url: https://components.espressif.com
      require: private
      version: '>=1.0'
    - name: idf
      require: private
      version: '>=5.0'
    source:
      registry_url: https://components.espressif.com
      type: service
    version: 1.0.18
  espp/base_component:
    component_hash: 635bfa884f4dcbabbcca3ae50c4a92ba4d4271b81004e26b13fc1647be7a450b
    dependencies:
    - name: espp/logger
      registry_url: https://components.espressif.com
      require: private
      version: '>=1.0'
    - name: idf
      require: private
      version: '>=5.0'
    source:
      registry_url: https://components.espressif.com
      type: service
    version: 1.0.18
  espp/base_peripheral:
    component_hash: f1d0fc3623286d98648c9b91e00c312c6222a76eeaddfa23967d3284d6ec3cb6
    dependencies:
    - name: espp/base_component
      registry_url: https://components.espressif.com
      require: private
      version: '>=1.0'
    - name: idf
      require: private
      version: '>=5.0'
    source:
      registry_url: https://components.espressif.com
      type: service
    version: 1.0.18
  espp/byte90:
    component_hash: 965497677115c9a0d7f666aee0dab1a259e065e25f9259dbc68bd9a65838420c
    dependencies:
    - name: espp/adxl345
      registry_url: https://components.espressif.com
      require: private
      version: '>=1.0'
    - name: espp/base_component
      registry_url: https://components.espressif.com
      require: private
      version: '>=1.0'
    - name: espp/display
      registry_url: https://components.espressif.com
      require: private
      version: '>=1.0'
    - name: espp/display_drivers
      registry_url: https://components.espressif.com
      require: private
      version: '>=1.0'
    - name: espp/i2c
      registry_url: https://components.espressif.com
      require: private
      version: '>=1.0'
    - name: espp/interrupt
      registry_url: https://components.espressif.com
      require: private
      version: '>=1.0'
    - name: espp/task
      registry_url: https://components.espressif.com
      require: private
      version: '>=1.0'
    - name: idf
      require: private
      version: '>=5.0'
    source:
      registry_url: https://components.espressif.com/
      type: service
    version: 1.0.18
  espp/cli:
    component_hash: 5ec7838aa1740d49d43163487e272143adbeb7a616ff61dbbfcf287565d76d0b
    dependencies:
    - name: espp/logger
      registry_url: https://components.espressif.com
      require: private
      version: '>=1.0'
    - name: idf
      require: private
      version: '>=5.0'
    source:
      registry_url: https://components.espressif.com
      type: service
    version: 1.0.18
  espp/codec:
    component_hash: 6c5d57326871b6e96ae57f979c6c250f72e44d42a126675069d9d510ecdd3844
    dependencies:
    - name: idf
      require: private
      version: '>=5.0'
    source:
      registry_url: https://components.espressif.com
      type: service
    version: 1.0.18
  espp/display:
    component_hash: 91d94059ffee2e25821d5175a4538d12fa7a698bdf9d3ee0fe504ffe391d452b
    dependencies:
    - name: espp/base_component
      registry_url: https://components.espressif.com
      require: private
      version: '>=1.0'
    - name: espp/led
      registry_url: https://components.espressif.com
      require: private
      version: '>=1.0'
    - name: espp/task
      registry_url: https://components.espressif.com
      require: private
      version: '>=1.0'
    - name: idf
      require: private
      version: '>=5.0'
    - name: lvgl/lvgl
      registry_url: https://components.espressif.com
      require: private
      version: '>=9.2.2'
    source:
      registry_url: https://components.espressif.com
      type: service
    version: 1.0.18
  espp/display_drivers:
    component_hash: 9139fe86ad52a072507fafcb899f8e17628d5a0282e75c467195686cf06b273c
    dependencies:
    - name: espp/display
      registry_url: https://components.espressif.com
      require: private
      version: '>=1.0'
    - name: espp/led
      registry_url: https://components.espressif.com
      require: private
      version: '>=1.0'
    - name: idf
      require: private
      version: '>=5.0'
    source:
      registry_url: https://components.espressif.com
      type: service
    version: 1.0.18
  espp/esp-box:
    component_hash: cb43f2e38f4419bff7fcff1729b0156dce58fd2f2bb3f76aca4ca2c297713ba3
    dependencies:
    - name: espp/base_component
      registry_url: https://components.espressif.com
      require: private
      version: '>=1.0'
    - name: espp/codec
      registry_url: https://components.espressif.com
      require: private
      version: '>=1.0'
    - name: espp/display
      registry_url: https://components.espressif.com
      require: private
      version: '>=1.0'
    - name: espp/display_drivers
      registry_url: https://components.espressif.com
      require: private
      version: '>=1.0'
    - name: espp/gt911
      registry_url: https://components.espressif.com
      require: private
      version: '>=1.0'
    - name: espp/i2c
      registry_url: https://components.espressif.com
      require: private
      version: '>=1.0'
    - name: espp/icm42607
      registry_url: https://components.espressif.com
      require: private
      version: '>=1.0'
    - name: espp/input_drivers
      registry_url: https://components.espressif.com
      require: private
      version: '>=1.0'
    - name: espp/interrupt
      registry_url: https://components.espressif.com
      require: private
      version: '>=1.0'
    - name: espp/task
      registry_url: https://components.espressif.com
      require: private
      version: '>=1.0'
    - name: espp/tt21100
      registry_url: https://components.espressif.com
      require: private
      version: '>=1.0'
    - name: idf
      require: private
      version: '>=5.0'
    source:
      registry_url: https://components.espressif.com/
      type: service
    version: 1.0.18
  espp/format:
    component_hash: aebe0d55e833d61eb53313dcdd3ee9bd8f2e328d6db1ae3e01bca49b17db39c6
    dependencies:
    - name: idf
      require: private
      version: '>=5.0'
    source:
      registry_url: https://components.espressif.com
      type: service
    version: 1.0.18
  espp/gt911:
    component_hash: 3b94925186fe8b3098926184280193ce77afd7dc31bef35ac09a3b7bf8ca1c5a
    dependencies:
    - name: espp/base_peripheral
      registry_url: https://components.espressif.com
      require: private
      version: '>=1.0'
    - name: idf
      require: private
      version: '>=5.0'
    source:
      registry_url: https://components.espressif.com
      type: service
    version: 1.0.18
  espp/i2c:
    component_hash: 0b746f8d5c4df78f4437427a39a75242b8f6302f5d43b790a24ab1733f50057d
    dependencies:
    - name: espp/base_component
      registry_url: https://components.espressif.com
      require: private
      version: '>=1.0'
    - name: espp/cli
      registry_url: https://components.espressif.com
      require: private
      version: '>=1.0'
    - name: espp/task
      registry_url: https://components.espressif.com
      require: private
      version: '>=1.0'
    - name: idf
      require: private
      version: '>=5.0'
    source:
      registry_url: https://components.espressif.com
      type: service
    version: 1.0.18
  espp/icm42607:
    component_hash: c6b1749f91f56866df710f0438760ee165c52c013d281f83609f609f1a2faac5
    dependencies:
    - name: espp/base_peripheral
      registry_url: https://components.espressif.com
      require: private
      version: '>=1.0'
    - name: espp/math
      registry_url: https://components.espressif.com
      require: private
      version: '>=1.0'
    - name: idf
      require: private
      version: '>=5.0'
    source:
      registry_url: https://components.espressif.com
      type: service
    version: 1.0.18
  espp/input_drivers:
    component_hash: f2d94990c47ddd4572972feb7362c8aafe49f92e61bd3e2213ce511cc4bdce82
    dependencies:
    - name: espp/base_component
      registry_url: https://components.espressif.com
      require: private
      version: '>=1.0'
    - name: idf
      require: private
      version: '>=5.0'
    - name: lvgl/lvgl
      registry_url: https://components.espressif.com
      require: private
      version: '>=9.2.2'
    source:
      registry_url: https://components.espressif.com
      type: service
    version: 1.0.18
  espp/interrupt:
    component_hash: 00207be0384cb68d79fc0b66d7264a63c967ca0509be459638590de3eb9dcd51
    dependencies:
    - name: espp/base_component
      registry_url: https://components.espressif.com
      require: private
      version: '>=1.0'
    - name: espp/task
      registry_url: https://components.espressif.com
      require: private
      version: '>=1.0'
    - name: idf
      require: private
      version: '>=5.0'
    source:
      registry_url: https://components.espressif.com
      type: service
    version: 1.0.18
  espp/led:
    component_hash: 7439dc35497547c352b0fe14bea4f37ca92cfd2df81ccfed0be545378a37d487
    dependencies:
    - name: espp/base_component
      registry_url: https://components.espressif.com
      require: private
      version: '>=1.0'
    - name: espp/task
      registry_url: https://components.espressif.com
      require: private
      version: '>=1.0'
    - name: idf
      require: private
      version: '>=5.0'
    source:
      registry_url: https://components.espressif.com
      type: service
    version: 1.0.18
  espp/logger:
    component_hash: d8d68bc881f613a4007f5cc18f11f4f270bb93d6f0adfaad80cc65593da03bd9
    dependencies:
    - name: espp/format
      registry_url: https://components.espressif.com
      require: private
      version: '>=1.0'
    - name: idf
      require: private
      version: '>=5.0'
    source:
      registry_url: https://components.espressif.com
      type: service
    version: 1.0.18
  espp/math:
    component_hash: 4d27b369dd40eef16bf5f8e9f0f4fb0281f8fe50cc88a1b840b1b134167a1f96
    dependencies:
    - name: espp/format
      registry_url: https://components.espressif.com
      require: private
      version: '>=1.0'
    - name: idf
      require: private
      version: '>=5.0'
    source:
      registry_url: https://components.espressif.com
      type: service
    version: 1.0.18
  espp/monitor:
    component_hash: a49ecc074a92683fcfda529300a06de3b7be9dec07775c4b690cf75ceaacb097
    dependencies:
    - name: espp/base_component
      registry_url: https://components.espressif.com
      require: private
      version: '>=1.0'
    - name: espp/task
      registry_url: https://components.espressif.com
      require: private
      version: '>=1.0'
    - name: idf
      require: private
      version: '>=5.0'
    source:
      registry_url: https://components.espressif.com/
      type: service
    version: 1.0.18
  espp/nvs:
    component_hash: 4e7fa7cbdaf30ed7f31938070d5aa57f0e00b2f3c8c01cb47c78d5cb4f22dde6
    dependencies:
    - name: espp/base_component
      registry_url: https://components.espressif.com
      require: private
      version: '>=1.0'
    - name: idf
      require: private
      version: '>=5.0'
    source:
      registry_url: https://components.espressif.com/
      type: service
    version: 1.0.18
  espp/rtsp:
    component_hash: 5bd62da21938c448603ca2b13c2b22509d00b4fc52aa3f12e93a595f41baaad4
    dependencies:
    - name: espp/base_component
      registry_url: https://components.espressif.com
      require: private
      version: '>=1.0'
    - name: espp/socket
      registry_url: https://components.espressif.com
      require: private
      version: '>=1.0'
    - name: espp/task
      registry_url: https://components.espressif.com
      require: private
      version: '>=1.0'
    - name: idf
      require: private
      version: '>=5.0'
    source:
      registry_url: https://components.espressif.com/
      type: service
    version: 1.0.18
  espp/socket:
    component_hash: f02123d81ea8dd83dc93d89e5322f47c1c91e4f1179190ca8f215ada27f7cfd6
    dependencies:
    - name: espp/base_component
      registry_url: https://components.espressif.com
      require: private
      version: '>=1.0'
    - name: espp/task
      registry_url: https://components.espressif.com
      require: private
      version: '>=1.0'
    - name: idf
      require: private
      version: '>=5.0'
    source:
      registry_url: https://components.espressif.com/
      type: service
    version: 1.0.18
  espp/t-deck:
    component_hash: ef1a61308e528aa8b6554e32b08b6e488cc99e5fbe34f33a0e73498802e0ee0a
    dependencies:
    - name: espp/base_component
      registry_url: https://components.espressif.com
      require: private
      version: '>=1.0'
    - name: espp/display
      registry_url: https://components.espressif.com
      require: private
      version: '>=1.0'
    - name: espp/display_drivers
      registry_url: https://components.espressif.com
      require: private
      version: '>=1.0'
    - name: espp/gt911
      registry_url: https://components.espressif.com
      require: private
      version: '>=1.0'
    - name: espp/i2c
      registry_url: https://components.espressif.com
      require: private
      version: '>=1.0'
    - name: espp/input_drivers
      registry_url: https://components.espressif.com
      require: private
      version: '>=1.0'
    - name: espp/interrupt
      registry_url: https://components.espressif.com
      require: private
      version: '>=1.0'
    - name: espp/t_keyboard
      registry_url: https://components.espressif.com
      require: private
      version: '>=1.0'
    - name: espp/task
      registry_url: https://components.espressif.com
      require: private
      version: '>=1.0'
    - name: idf
      require: private
      version: '>=5.0'
    source:
      registry_url: https://components.espressif.com/
      type: service
    version: 1.0.18
  espp/t_keyboard:
    component_hash: c00262a893783b1d5452a9a71a259234abcc691d048307baf9c9b07310a06a1e
    dependencies:
    - name: espp/base_peripheral
      registry_url: https://components.espressif.com
      require: private
      version: '>=1.0'
    - name: idf
      require: private
      version: '>=5.0'
    source:
      registry_url: https://components.espressif.com
      type: service
    version: 1.0.18
  espp/task:
    component_hash: dd20f4dd144b4fb78ecaec896c0bc660a87eb8a8327d5051ee9852d7b685f1f7
    dependencies:
    - name: espp/base_component
      registry_url: https://components.espressif.com
      require: private
      version: '>=1.0'
    - name: idf
      require: private
      version: '>=5.0'
    source:
      registry_url: https://components.espressif.com/
      type: service
    version: 1.0.18
  espp/tt21100:
    component_hash: 580f437e9bc0079170bf7461a953bcc17616ff156b99d21069fbe0fb4bfec424
    dependencies:
    - name: espp/base_peripheral
      registry_url: https://components.espressif.com
      require: private
      version: '>=1.0'
    - name: idf
      require: private
      version: '>=5.0'
    source:
      registry_url: https://components.espressif.com
      type: service
    version: 1.0.18
  espp/wifi:
    component_hash: 4c51c4a6916b11834eb9ea3e0fb752e1a738b65c7f4265fc741cb63337dcfd87
    dependencies:
    - name: espp/base_component
      registry_url: https://components.espressif.com
      require: private
      version: '>=1.0'
    - name: espp/cli
      registry_url: https://components.espressif.com
      require: private
      version: '>=1.0'
    - name: idf
      require: private
      version: '>=5.0'
    source:
      registry_url: https://components.espressif.com/
      type: service
    version: 1.0.18
  espressif/esp-dsp:
    component_hash: 42dce32d46ac93dc11f60d368e29a830e9661c7345d794b8a45c343479cae636
    dependencies:
    - name: idf
      require: private
      version: '>=4.2'
    source:
      registry_url: https://components.espressif.com/
      type: service
    version: 1.7.0
  espressif/mdns:
    component_hash: 3ec0af5f6bce310512e90f482388d21cc7c0e99668172d2f895356165fc6f7c5
    dependencies:
    - name: idf
      require: private
      version: '>=5.0'
    source:
      registry_url: https://components.espressif.com/
      type: service
    version: 1.8.2
  idf:
    source:
      type: idf
    version: 5.4.1
  lvgl/lvgl:
    component_hash: b702d642e03e95928046d5c6726558e6444e112420c77efa5fdb6650b0a13c5d
    dependencies: []
    source:
      registry_url: https://components.espressif.com
      type: service
    version: 9.3.0
direct_dependencies:
- espp/byte90
- espp/esp-box
- espp/monitor
- espp/nvs
- espp/rtsp
- espp/socket
- espp/t-deck
- espp/task
- espp/wifi
- espressif/esp-dsp
- espressif/mdns
- idf
manifest_hash: 3e7c4d73fec32bcb3110c88480dbb612b4aa8104c05a84ef273c11296d63e3a1
target: esp32s3
version: 2.0.0
