dependencies:
  espp/adxl345:
    component_hash: bee6d94220074aae25ed3893c31c5e14582432310121d8810b15d5f04d7458e8
    dependencies:
    - name: espp/base_peripheral
      registry_url: https://components.espressif.com
      require: private
      version: '>=1.0'
    - name: idf
      require: private
      version: '>=5.0'
    source:
      registry_url: https://components.espressif.com
      type: service
    version: 1.0.20
  espp/base_component:
    component_hash: 5979a81ac2629505342013bd9c9d8fcaae9d09b411fe9f88dcbdd93b5c325359
    dependencies:
    - name: espp/logger
      registry_url: https://components.espressif.com
      require: private
      version: '>=1.0'
    - name: idf
      require: private
      version: '>=5.0'
    source:
      registry_url: https://components.espressif.com
      type: service
    version: 1.0.20
  espp/base_peripheral:
    component_hash: 7e1a66c9460a608e7fd453c219dcecb8cdd3de1a882206d69e348e8a465c6e15
    dependencies:
    - name: espp/base_component
      registry_url: https://components.espressif.com
      require: private
      version: '>=1.0'
    - name: idf
      require: private
      version: '>=5.0'
    source:
      registry_url: https://components.espressif.com
      type: service
    version: 1.0.20
  espp/byte90:
    component_hash: ae06da17ee606022eb322b963dc3145e58f88a5a309e5a18b0931e0053f2bc95
    dependencies:
    - name: espp/adxl345
      registry_url: https://components.espressif.com
      require: private
      version: '>=1.0'
    - name: espp/base_component
      registry_url: https://components.espressif.com
      require: private
      version: '>=1.0'
    - name: espp/display
      registry_url: https://components.espressif.com
      require: private
      version: '>=1.0'
    - name: espp/display_drivers
      registry_url: https://components.espressif.com
      require: private
      version: '>=1.0'
    - name: espp/i2c
      registry_url: https://components.espressif.com
      require: private
      version: '>=1.0'
    - name: espp/interrupt
      registry_url: https://components.espressif.com
      require: private
      version: '>=1.0'
    - name: espp/task
      registry_url: https://components.espressif.com
      require: private
      version: '>=1.0'
    - name: idf
      require: private
      version: '>=5.0'
    source:
      registry_url: https://components.espressif.com/
      type: service
    version: 1.0.20
  espp/cli:
    component_hash: 2b13a35fa82cd1d9a6ad00b323e05c7c5acfb2450f79649b20f184a38928fc29
    dependencies:
    - name: espp/logger
      registry_url: https://components.espressif.com
      require: private
      version: '>=1.0'
    - name: idf
      require: private
      version: '>=5.0'
    source:
      registry_url: https://components.espressif.com
      type: service
    version: 1.0.20
  espp/codec:
    component_hash: 032e1e5265c2db47d8e79a093638bbdf9f524c298b3984fdd49c0f7996cd4667
    dependencies:
    - name: idf
      require: private
      version: '>=5.0'
    source:
      registry_url: https://components.espressif.com
      type: service
    version: 1.0.20
  espp/cst816:
    component_hash: 9e8e4bdbde07efbd3e0380210fecd7237670058193fa3f4766b2ca4f263a49a1
    dependencies:
    - name: espp/base_peripheral
      registry_url: https://components.espressif.com
      require: private
      version: '>=1.0'
    - name: idf
      require: private
      version: '>=5.0'
    source:
      registry_url: https://components.espressif.com
      type: service
    version: 1.0.20
  espp/display:
    component_hash: d8cee45cabecd2dc4dbc7ef5fef29be3e0a320aba3ea78e0345eb70b2e70e9b1
    dependencies:
    - name: espp/base_component
      registry_url: https://components.espressif.com
      require: private
      version: '>=1.0'
    - name: espp/led
      registry_url: https://components.espressif.com
      require: private
      version: '>=1.0'
    - name: espp/task
      registry_url: https://components.espressif.com
      require: private
      version: '>=1.0'
    - name: idf
      require: private
      version: '>=5.0'
    - name: lvgl/lvgl
      registry_url: https://components.espressif.com
      require: private
      version: '>=9.2.2'
    source:
      registry_url: https://components.espressif.com
      type: service
    version: 1.0.20
  espp/display_drivers:
    component_hash: 2231302f9c5ce588647ab4d4c1dd051dd2cfa570884d0fc6d7c6b498f6fe21a2
    dependencies:
    - name: espp/display
      registry_url: https://components.espressif.com
      require: private
      version: '>=1.0'
    - name: espp/led
      registry_url: https://components.espressif.com
      require: private
      version: '>=1.0'
    - name: idf
      require: private
      version: '>=5.0'
    source:
      registry_url: https://components.espressif.com
      type: service
    version: 1.0.20
  espp/esp-box:
    component_hash: e1ddc72b8c6b917827a90959fbfb966c7ea65111e9cd8061d5d1a935a40437b0
    dependencies:
    - name: espp/base_component
      registry_url: https://components.espressif.com
      require: private
      version: '>=1.0'
    - name: espp/codec
      registry_url: https://components.espressif.com
      require: private
      version: '>=1.0'
    - name: espp/display
      registry_url: https://components.espressif.com
      require: private
      version: '>=1.0'
    - name: espp/display_drivers
      registry_url: https://components.espressif.com
      require: private
      version: '>=1.0'
    - name: espp/gt911
      registry_url: https://components.espressif.com
      require: private
      version: '>=1.0'
    - name: espp/i2c
      registry_url: https://components.espressif.com
      require: private
      version: '>=1.0'
    - name: espp/icm42607
      registry_url: https://components.espressif.com
      require: private
      version: '>=1.0'
    - name: espp/input_drivers
      registry_url: https://components.espressif.com
      require: private
      version: '>=1.0'
    - name: espp/interrupt
      registry_url: https://components.espressif.com
      require: private
      version: '>=1.0'
    - name: espp/task
      registry_url: https://components.espressif.com
      require: private
      version: '>=1.0'
    - name: espp/tt21100
      registry_url: https://components.espressif.com
      require: private
      version: '>=1.0'
    - name: idf
      require: private
      version: '>=5.0'
    source:
      registry_url: https://components.espressif.com/
      type: service
    version: 1.0.20
  espp/format:
    component_hash: 67ca1433d83f4df8af56094630fb4907f1ceed4a80726aaa59860fbe1a39263a
    dependencies:
    - name: idf
      require: private
      version: '>=5.0'
    source:
      registry_url: https://components.espressif.com
      type: service
    version: 1.0.20
  espp/gt911:
    component_hash: b7f4db0c66c08a85f402cfdacd2fbdb0601d3c8e9f6202b35b05560956180ee1
    dependencies:
    - name: espp/base_peripheral
      registry_url: https://components.espressif.com
      require: private
      version: '>=1.0'
    - name: idf
      require: private
      version: '>=5.0'
    source:
      registry_url: https://components.espressif.com
      type: service
    version: 1.0.20
  espp/i2c:
    component_hash: 1f0f3649a42d8f8e61d835934a20de941176660ef77e40dedef00dd5396b88d3
    dependencies:
    - name: espp/base_component
      registry_url: https://components.espressif.com
      require: private
      version: '>=1.0'
    - name: espp/cli
      registry_url: https://components.espressif.com
      require: private
      version: '>=1.0'
    - name: espp/task
      registry_url: https://components.espressif.com
      require: private
      version: '>=1.0'
    - name: idf
      require: private
      version: '>=5.0'
    source:
      registry_url: https://components.espressif.com
      type: service
    version: 1.0.20
  espp/icm42607:
    component_hash: 649aed2ac6df5c3bf8caf06dc5570482d6cb44c0926110e2e96ed54c986acf39
    dependencies:
    - name: espp/base_peripheral
      registry_url: https://components.espressif.com
      require: private
      version: '>=1.0'
    - name: espp/math
      registry_url: https://components.espressif.com
      require: private
      version: '>=1.0'
    - name: idf
      require: private
      version: '>=5.0'
    source:
      registry_url: https://components.espressif.com
      type: service
    version: 1.0.20
  espp/input_drivers:
    component_hash: 75842d675daa6ef1fd694fae847c7f3dfc3f1d4ecea543c8af22a8103f88b8d3
    dependencies:
    - name: espp/base_component
      registry_url: https://components.espressif.com
      require: private
      version: '>=1.0'
    - name: idf
      require: private
      version: '>=5.0'
    - name: lvgl/lvgl
      registry_url: https://components.espressif.com
      require: private
      version: '>=9.2.2'
    source:
      registry_url: https://components.espressif.com
      type: service
    version: 1.0.20
  espp/interrupt:
    component_hash: d3d9bd339f3dc1dd3f2247da4f102b65d5282cf265a9761c388b2dec46239738
    dependencies:
    - name: espp/base_component
      registry_url: https://components.espressif.com
      require: private
      version: '>=1.0'
    - name: espp/task
      registry_url: https://components.espressif.com
      require: private
      version: '>=1.0'
    - name: idf
      require: private
      version: '>=5.0'
    source:
      registry_url: https://components.espressif.com
      type: service
    version: 1.0.20
  espp/led:
    component_hash: cd1759001b64f3a4a664787027e853b39bef7ec0d0ef7b3885b3549c0074be83
    dependencies:
    - name: espp/base_component
      registry_url: https://components.espressif.com
      require: private
      version: '>=1.0'
    - name: espp/task
      registry_url: https://components.espressif.com
      require: private
      version: '>=1.0'
    - name: idf
      require: private
      version: '>=5.0'
    source:
      registry_url: https://components.espressif.com
      type: service
    version: 1.0.20
  espp/logger:
    component_hash: 0e768020cfbc83fe23c6cba2c830430e5b6a28c21b3706284c40288473538a74
    dependencies:
    - name: espp/format
      registry_url: https://components.espressif.com
      require: private
      version: '>=1.0'
    - name: idf
      require: private
      version: '>=5.0'
    source:
      registry_url: https://components.espressif.com
      type: service
    version: 1.0.20
  espp/math:
    component_hash: 1105de489f3a6ac40d50a58aa08d8565bfbe4203f62142d62587aa70cee77f33
    dependencies:
    - name: espp/format
      registry_url: https://components.espressif.com
      require: private
      version: '>=1.0'
    - name: idf
      require: private
      version: '>=5.0'
    source:
      registry_url: https://components.espressif.com
      type: service
    version: 1.0.20
  espp/monitor:
    component_hash: 8af1b330fccaee56be4562634a0ee40c0c4663ffe3f87a445617d4095a11760a
    dependencies:
    - name: espp/base_component
      registry_url: https://components.espressif.com
      require: private
      version: '>=1.0'
    - name: espp/task
      registry_url: https://components.espressif.com
      require: private
      version: '>=1.0'
    - name: idf
      require: private
      version: '>=5.0'
    source:
      registry_url: https://components.espressif.com/
      type: service
    version: 1.0.20
  espp/nvs:
    component_hash: 38e278e9c6f73ff89832852b98e9d205354201adad4416ebf416dd9036223c9e
    dependencies:
    - name: espp/base_component
      registry_url: https://components.espressif.com
      require: private
      version: '>=1.0'
    - name: idf
      require: private
      version: '>=5.0'
    source:
      registry_url: https://components.espressif.com/
      type: service
    version: 1.0.20
  espp/pcf85063:
    component_hash: 8eabaad2c6c7b29cbe40c6d37810b9ef2b98158656730b8ce5a6f07e35dd459e
    dependencies:
    - name: espp/base_peripheral
      registry_url: https://components.espressif.com
      require: private
      version: '>=1.0'
    - name: espp/utils
      registry_url: https://components.espressif.com
      require: private
      version: '>=1.0'
    - name: idf
      require: private
      version: '>=5.0'
    source:
      registry_url: https://components.espressif.com
      type: service
    version: 1.0.20
  espp/qmi8658:
    component_hash: 13172051443f95f601fa15518d699cbdfc0fee4a74da3cda584e4aeeb7618c24
    dependencies:
    - name: espp/base_peripheral
      registry_url: https://components.espressif.com
      require: private
      version: '>=1.0'
    - name: espp/math
      registry_url: https://components.espressif.com
      require: private
      version: '>=1.0'
    - name: idf
      require: private
      version: '>=5.0'
    source:
      registry_url: https://components.espressif.com
      type: service
    version: 1.0.20
  espp/rtsp:
    component_hash: be8d88bcfaa9979b0b36a2872d7837cb38477e49333061be4c2d511cee7f4b17
    dependencies:
    - name: espp/base_component
      registry_url: https://components.espressif.com
      require: private
      version: '>=1.0'
    - name: espp/socket
      registry_url: https://components.espressif.com
      require: private
      version: '>=1.0'
    - name: espp/task
      registry_url: https://components.espressif.com
      require: private
      version: '>=1.0'
    - name: idf
      require: private
      version: '>=5.0'
    source:
      registry_url: https://components.espressif.com/
      type: service
    version: 1.0.20
  espp/socket:
    component_hash: abc6091c3ba1aafc37287ecc572c50636a2020158c44b4aab5bd50e7b6951588
    dependencies:
    - name: espp/base_component
      registry_url: https://components.espressif.com
      require: private
      version: '>=1.0'
    - name: espp/task
      registry_url: https://components.espressif.com
      require: private
      version: '>=1.0'
    - name: idf
      require: private
      version: '>=5.0'
    source:
      registry_url: https://components.espressif.com/
      type: service
    version: 1.0.20
  espp/t-deck:
    component_hash: 4961948057fc586693409596f9e7f22a9e62f8510e4814b7e8fd581b11f1905b
    dependencies:
    - name: espp/base_component
      registry_url: https://components.espressif.com
      require: private
      version: '>=1.0'
    - name: espp/display
      registry_url: https://components.espressif.com
      require: private
      version: '>=1.0'
    - name: espp/display_drivers
      registry_url: https://components.espressif.com
      require: private
      version: '>=1.0'
    - name: espp/gt911
      registry_url: https://components.espressif.com
      require: private
      version: '>=1.0'
    - name: espp/i2c
      registry_url: https://components.espressif.com
      require: private
      version: '>=1.0'
    - name: espp/input_drivers
      registry_url: https://components.espressif.com
      require: private
      version: '>=1.0'
    - name: espp/interrupt
      registry_url: https://components.espressif.com
      require: private
      version: '>=1.0'
    - name: espp/t_keyboard
      registry_url: https://components.espressif.com
      require: private
      version: '>=1.0'
    - name: espp/task
      registry_url: https://components.espressif.com
      require: private
      version: '>=1.0'
    - name: idf
      require: private
      version: '>=5.0'
    source:
      registry_url: https://components.espressif.com/
      type: service
    version: 1.0.20
  espp/t_keyboard:
    component_hash: 86ec7dfc9203156c3dffd404783c5821a70e00cb6099f5e3cb07691efabc4bcc
    dependencies:
    - name: espp/base_peripheral
      registry_url: https://components.espressif.com
      require: private
      version: '>=1.0'
    - name: idf
      require: private
      version: '>=5.0'
    source:
      registry_url: https://components.espressif.com
      type: service
    version: 1.0.19
  espp/task:
    component_hash: 4923848573f9d07d48552e12d4a684d95decbfc2b902a5db1e60403b2f4f8f86
    dependencies:
    - name: espp/base_component
      registry_url: https://components.espressif.com
      require: private
      version: '>=1.0'
    - name: idf
      require: private
      version: '>=5.0'
    source:
      registry_url: https://components.espressif.com/
      type: service
    version: 1.0.20
  espp/tt21100:
    component_hash: 0a50f122b3f03b483cb425883a2f4d06522505d9aade52ef88a5c4c6c17acf66
    dependencies:
    - name: espp/base_peripheral
      registry_url: https://components.espressif.com
      require: private
      version: '>=1.0'
    - name: idf
      require: private
      version: '>=5.0'
    source:
      registry_url: https://components.espressif.com
      type: service
    version: 1.0.20
  espp/utils:
    component_hash: 162dbe79ef4911a5a0353d64a63721d32f54a6f600bd2ec4fb25c538b611f6f6
    dependencies:
    - name: idf
      require: private
      version: '>=5.0'
    source:
      registry_url: https://components.espressif.com
      type: service
    version: 1.0.20
  espp/wifi:
    component_hash: bf3a4b2bae1eb7b27a94a11ed827e636bf293db0f6d6fcee6daad5287acf235a
    dependencies:
    - name: espp/base_component
      registry_url: https://components.espressif.com
      require: private
      version: '>=1.0'
    - name: espp/cli
      registry_url: https://components.espressif.com
      require: private
      version: '>=1.0'
    - name: idf
      require: private
      version: '>=5.0'
    source:
      registry_url: https://components.espressif.com/
      type: service
    version: 1.0.20
  espp/ws-s3-touch:
    component_hash: 03014aa06239d0aa72b6c452b7eadb766de3603329f2d757f946336f0fba8abd
    dependencies:
    - name: espp/base_component
      registry_url: https://components.espressif.com
      require: private
      version: '>=1.0'
    - name: espp/cst816
      registry_url: https://components.espressif.com
      require: private
      version: '>=1.0'
    - name: espp/display
      registry_url: https://components.espressif.com
      require: private
      version: '>=1.0'
    - name: espp/display_drivers
      registry_url: https://components.espressif.com
      require: private
      version: '>=1.0'
    - name: espp/i2c
      registry_url: https://components.espressif.com
      require: private
      version: '>=1.0'
    - name: espp/input_drivers
      registry_url: https://components.espressif.com
      require: private
      version: '>=1.0'
    - name: espp/interrupt
      registry_url: https://components.espressif.com
      require: private
      version: '>=1.0'
    - name: espp/led
      registry_url: https://components.espressif.com
      require: private
      version: '>=1.0'
    - name: espp/pcf85063
      registry_url: https://components.espressif.com
      require: private
      version: '>=1.0'
    - name: espp/qmi8658
      registry_url: https://components.espressif.com
      require: private
      version: '>=1.0'
    - name: espp/task
      registry_url: https://components.espressif.com
      require: private
      version: '>=1.0'
    - name: idf
      require: private
      version: '>=5.0'
    source:
      registry_url: https://components.espressif.com/
      type: service
    version: 1.0.20
  espressif/esp-dsp:
    component_hash: 42dce32d46ac93dc11f60d368e29a830e9661c7345d794b8a45c343479cae636
    dependencies:
    - name: idf
      require: private
      version: '>=4.2'
    source:
      registry_url: https://components.espressif.com/
      type: service
    version: 1.7.0
  espressif/mdns:
    component_hash: 3ec0af5f6bce310512e90f482388d21cc7c0e99668172d2f895356165fc6f7c5
    dependencies:
    - name: idf
      require: private
      version: '>=5.0'
    source:
      registry_url: https://components.espressif.com/
      type: service
    version: 1.8.2
  idf:
    source:
      type: idf
    version: 5.4.2
  lvgl/lvgl:
    component_hash: b702d642e03e95928046d5c6726558e6444e112420c77efa5fdb6650b0a13c5d
    dependencies: []
    source:
      registry_url: https://components.espressif.com
      type: service
    version: 9.3.0
direct_dependencies:
- espp/byte90
- espp/esp-box
- espp/monitor
- espp/nvs
- espp/rtsp
- espp/socket
- espp/t-deck
- espp/task
- espp/wifi
- espp/ws-s3-touch
- espressif/esp-dsp
- espressif/mdns
- idf
manifest_hash: 25cebf0828f59a9658091d09c2ab43e822f281c64f36520b9f89f52b1a6fa643
target: esp32s3
version: 2.0.0
